
Microsoft Visual Studio Solution File, Format Version 12.00
# Visual Studio 15
VisualStudioVersion = 15.0.27130.2036
MinimumVisualStudioVersion = 10.0.40219.1
Project("{FAE04EC0-301F-11D3-BF4B-00C04F79EFBC}") = "Systemorph.Demo.WebShell", "Systemorph.Demo.WebShell\Systemorph.Demo.WebShell.csproj", "{41102619-E95A-41A1-B224-D2D57F3AAD73}"
EndProject
Project("{FAE04EC0-301F-11D3-BF4B-00C04F79EFBC}") = "Systemorph.DomainEntity", "Systemorph.DomainEntity\Systemorph.DomainEntity.csproj", "{3D575915-690A-4124-83C6-DD6C2D181F7A}"
EndProject
Global
	GlobalSection(SolutionConfigurationPlatforms) = preSolution
		Debug|Any CPU = Debug|Any CPU
		Release|Any CPU = Release|Any CPU
	EndGlobalSection
	GlobalSection(ProjectConfigurationPlatforms) = postSolution
		{41102619-E95A-41A1-B224-D2D57F3AAD73}.Debug|Any CPU.ActiveCfg = Debug|Any CPU
		{41102619-E95A-41A1-B224-D2D57F3AAD73}.Debug|Any CPU.Build.0 = Debug|Any CPU
		{41102619-E95A-41A1-B224-D2D57F3AAD73}.Release|Any CPU.ActiveCfg = Release|Any CPU
		{41102619-E95A-41A1-B224-D2D57F3AAD73}.Release|Any CPU.Build.0 = Release|Any CPU
		{3D575915-690A-4124-83C6-DD6C2D181F7A}.Debug|Any CPU.ActiveCfg = Debug|Any CPU
		{3D575915-690A-4124-83C6-DD6C2D181F7A}.Debug|Any CPU.Build.0 = Debug|Any CPU
		{3D575915-690A-4124-83C6-DD6C2D181F7A}.Release|Any CPU.ActiveCfg = Release|Any CPU
		{3D575915-690A-4124-83C6-DD6C2D181F7A}.Release|Any CPU.Build.0 = Release|Any CPU
	EndGlobalSection
	GlobalSection(SolutionProperties) = preSolution
		HideSolutionNode = FALSE
	EndGlobalSection
	GlobalSection(ExtensibilityGlobals) = postSolution
		SolutionGuid = {B24EBDCB-34C0-4754-8251-18A4D5B7574A}
	EndGlobalSection
EndGlobal
